// !$*UTF8*$!
{
	archiveVersion = 1;
	classes = {
	};
	objectVersion = 46;
	objects = {

/* Begin PBXBuildFile section */
		04DEDB171F2D5BF300C341FF /* AppDelegate.swift in Sources */ = {isa = PBXBuildFile; fileRef = 04DEDB161F2D5BF300C341FF /* AppDelegate.swift */; };
		04DEDB191F2D5BF300C341FF /* ViewController.swift in Sources */ = {isa = PBXBuildFile; fileRef = 04DEDB181F2D5BF300C341FF /* ViewController.swift */; };
		04DEDB1C1F2D5BF300C341FF /* Main.storyboard in Resources */ = {isa = PBXBuildFile; fileRef = 04DEDB1A1F2D5BF300C341FF /* Main.storyboard */; };
		04DEDB1F1F2D5BF300C341FF /* TDL.xcdatamodeld in Sources */ = {isa = PBXBuildFile; fileRef = 04DEDB1D1F2D5BF300C341FF /* TDL.xcdatamodeld */; };
		04DEDB211F2D5BF300C341FF /* Assets.xcassets in Resources */ = {isa = PBXBuildFile; fileRef = 04DEDB201F2D5BF300C341FF /* Assets.xcassets */; };
		04DEDB241F2D5BF300C341FF /* LaunchScreen.storyboard in Resources */ = {isa = PBXBuildFile; fileRef = 04DEDB221F2D5BF300C341FF /* LaunchScreen.storyboard */; };
/* End PBXBuildFile section */

/* Begin PBXFileReference section */
		04DEDB131F2D5BF300C341FF /* TDL.app */ = {isa = PBXFileReference; explicitFileType = wrapper.application; includeInIndex = 0; path = TDL.app; sourceTree = BUILT_PRODUCTS_DIR; };
		04DEDB161F2D5BF300C341FF /* AppDelegate.swift */ = {isa = PBXFileReference; lastKnownFileType = sourcecode.swift; path = AppDelegate.swift; sourceTree = "<group>"; };
		04DEDB181F2D5BF300C341FF /* ViewController.swift */ = {isa = PBXFileReference; lastKnownFileType = sourcecode.swift; path = ViewController.swift; sourceTree = "<group>"; };
		04DEDB1B1F2D5BF300C341FF /* Base */ = {isa = PBXFileReference; lastKnownFileType = file.storyboard; name = Base; path = Base.lproj/Main.storyboard; sourceTree = "<group>"; };
		04DEDB1E1F2D5BF300C341FF /* TDL.xcdatamodel */ = {isa = PBXFileReference; lastKnownFileType = wrapper.xcdatamodel; path = TDL.xcdatamodel; sourceTree = "<group>"; };
		04DEDB201F2D5BF300C341FF /* Assets.xcassets */ = {isa = PBXFileReference; lastKnownFileType = folder.assetcatalog; path = Assets.xcassets; sourceTree = "<group>"; };
		04DEDB231F2D5BF300C341FF /* Base */ = {isa = PBXFileReference; lastKnownFileType = file.storyboard; name = Base; path = Base.lproj/LaunchScreen.storyboard; sourceTree = "<group>"; };
		04DEDB251F2D5BF300C341FF /* Info.plist */ = {isa = PBXFileReference; lastKnownFileType = text.plist.xml; path = Info.plist; sourceTree = "<group>"; };
/* End PBXFileReference section */

/* Begin PBXFrameworksBuildPhase section */
		04DEDB101F2D5BF300C341FF /* Frameworks */ = {
			isa = PBXFrameworksBuildPhase;
			buildActionMask = 2147483647;
			files = (
			);
			runOnlyForDeploymentPostprocessing = 0;
		};
/* End PBXFrameworksBuildPhase section */

/* Begin PBXGroup section */
		04DEDB0A1F2D5BF300C341FF = {
			isa = PBXGroup;
			children = (
				04DEDB151F2D5BF300C341FF /* TDL */,
				04DEDB141F2D5BF300C341FF /* Products */,
			);
			sourceTree = "<group>";
		};
		04DEDB141F2D5BF300C341FF /* Products */ = {
			isa = PBXGroup;
			children = (
				04DEDB131F2D5BF300C341FF /* TDL.app */,
			);
			name = Products;
			sourceTree = "<group>";
		};
		04DEDB151F2D5BF300C341FF /* TDL */ = {
			isa = PBXGroup;
			children = (
				04DEDB161F2D5BF300C341FF /* AppDelegate.swift */,
				04DEDB181F2D5BF300C341FF /* ViewController.swift */,
				04DEDB1A1F2D5BF300C341FF /* Main.storyboard */,
				04DEDB201F2D5BF300C341FF /* Assets.xcassets */,
				04DEDB221F2D5BF300C341FF /* LaunchScreen.storyboard */,
				04DEDB251F2D5BF300C341FF /* Info.plist */,
				04DEDB1D1F2D5BF300C341FF /* TDL.xcdatamodeld */,
			);
			path = TDL;
			sourceTree = "<group>";
		};
/* End PBXGroup section */

/* Begin PBXNativeTarget section */
		04DEDB121F2D5BF300C341FF /* TDL */ = {
			isa = PBXNativeTarget;
			buildConfigurationList = 04DEDB281F2D5BF300C341FF /* Build configuration list for PBXNativeTarget "TDL" */;
			buildPhases = (
				04DEDB0F1F2D5BF300C341FF /* Sources */,
				04DEDB101F2D5BF300C341FF /* Frameworks */,
				04DEDB111F2D5BF300C341FF /* Resources */,
			);
			buildRules = (
			);
			dependencies = (
			);
			name = TDL;
			productName = TDL;
			productReference = 04DEDB131F2D5BF300C341FF /* TDL.app */;
			productType = "com.apple.product-type.application";
		};
/* End PBXNativeTarget section */

/* Begin PBXProject section */
		04DEDB0B1F2D5BF300C341FF /* Project object */ = {
			isa = PBXProject;
			attributes = {
				LastSwiftUpdateCheck = 0830;
				LastUpgradeCheck = 0830;
				ORGANIZATIONNAME = MKO;
				TargetAttributes = {
					04DEDB121F2D5BF300C341FF = {
						CreatedOnToolsVersion = 8.3.3;
						ProvisioningStyle = Automatic;
					};
				};
			};
			buildConfigurationList = 04DEDB0E1F2D5BF300C341FF /* Build configuration list for PBXProject "TDL" */;
			compatibilityVersion = "Xcode 3.2";
			developmentRegion = English;
			hasScannedForEncodings = 0;
			knownRegions = (
				en,
				Base,
			);
			mainGroup = 04DEDB0A1F2D5BF300C341FF;
			productRefGroup = 04DEDB141F2D5BF300C341FF /* Products */;
			projectDirPath = "";
			projectRoot = "";
			targets = (
				04DEDB121F2D5BF300C341FF /* TDL */,
			);
		};
/* End PBXProject section */

/* Begin PBXResourcesBuildPhase section */
		04DEDB111F2D5BF300C341FF /* Resources */ = {
			isa = PBXResourcesBuildPhase;
			buildActionMask = 2147483647;
			files = (
				04DEDB241F2D5BF300C341FF /* LaunchScreen.storyboard in Resources */,
				04DEDB211F2D5BF300C341FF /* Assets.xcassets in Resources */,
				04DEDB1C1F2D5BF300C341FF /* Main.storyboard in Resources */,
			);
			runOnlyForDeploymentPostprocessing = 0;
		};
/* End PBXResourcesBuildPhase section */

/* Begin PBXSourcesBuildPhase section */
		04DEDB0F1F2D5BF300C341FF /* Sources */ = {
			isa = PBXSourcesBuildPhase;
			buildActionMask = 2147483647;
			files = (
				04DEDB1F1F2D5BF300C341FF /* TDL.xcdatamodeld in Sources */,
				04DEDB191F2D5BF300C341FF /* ViewController.swift in Sources */,
				04DEDB171F2D5BF300C341FF /* AppDelegate.swift in Sources */,
			);
			runOnlyForDeploymentPostprocessing = 0;
		};
/* End PBXSourcesBuildPhase section */

/* Begin PBXVariantGroup section */
		04DEDB1A1F2D5BF300C341FF /* Main.storyboard */ = {
			isa = PBXVariantGroup;
			children = (
				04DEDB1B1F2D5BF300C341FF /* Base */,
			);
			name = Main.storyboard;
			sourceTree = "<group>";
		};
		04DEDB221F2D5BF300C341FF /* LaunchScreen.storyboard */ = {
			isa = PBXVariantGroup;
			children = (
				04DEDB231F2D5BF300C341FF /* Base */,
			);
			name = LaunchScreen.storyboard;
			sourceTree = "<group>";
		};
/* End PBXVariantGroup section */

/* Begin XCBuildConfiguration section */
		04DEDB261F2D5BF300C341FF /* Debug */ = {
			isa = XCBuildConfiguration;
			buildSettings = {
				ALWAYS_SEARCH_USER_PATHS = NO;
				CLANG_ANALYZER_NONNULL = YES;
				CLANG_ANALYZER_NUMBER_OBJECT_CONVERSION = YES_AGGRESSIVE;
				CLANG_CXX_LANGUAGE_STANDARD = "gnu++0x";
				CLANG_CXX_LIBRARY = "libc++";
				CLANG_ENABLE_MODULES = YES;
				CLANG_ENABLE_OBJC_ARC = YES;
				CLANG_WARN_BOOL_CONVERSION = YES;
				CLANG_WARN_CONSTANT_CONVERSION = YES;
				CLANG_WARN_DIRECT_OBJC_ISA_USAGE = YES_ERROR;
				CLANG_WARN_DOCUMENTATION_COMMENTS = YES;
				CLANG_WARN_EMPTY_BODY = YES;
				CLANG_WARN_ENUM_CONVERSION = YES;
				CLANG_WARN_INFINITE_RECURSION = YES;
				CLANG_WARN_INT_CONVERSION = YES;
				CLANG_WARN_OBJC_ROOT_CLASS = YES_ERROR;
				CLANG_WARN_SUSPICIOUS_MOVE = YES;
				CLANG_WARN_UNREACHABLE_CODE = YES;
				CLANG_WARN__DUPLICATE_METHOD_MATCH = YES;
				"CODE_SIGN_IDENTITY[sdk=iphoneos*]" = "iPhone Developer";
				COPY_PHASE_STRIP = NO;
				DEBUG_INFORMATION_FORMAT = dwarf;
				ENABLE_STRICT_OBJC_MSGSEND = YES;
				ENABLE_TESTABILITY = YES;
				GCC_C_LANGUAGE_STANDARD = gnu99;
				GCC_DYNAMIC_NO_PIC = NO;
				GCC_NO_COMMON_BLOCKS = YES;
				GCC_OPTIMIZATION_LEVEL = 0;
				GCC_PREPROCESSOR_DEFINITIONS = (
					"DEBUG=1",
					"$(inherited)",
				);
				GCC_WARN_64_TO_32_BIT_CONVERSION = YES;
				GCC_WARN_ABOUT_RETURN_TYPE = YES_ERROR;
				GCC_WARN_UNDECLARED_SELECTOR = YES;
				GCC_WARN_UNINITIALIZED_AUTOS = YES_AGGRESSIVE;
				GCC_WARN_UNUSED_FUNCTION = YES;
				GCC_WARN_UNUSED_VARIABLE = YES;
				IPHONEOS_DEPLOYMENT_TARGET = 10.3;
				MTL_ENABLE_DEBUG_INFO = YES;
				ONLY_ACTIVE_ARCH = YES;
				SDKROOT = iphoneos;
				SWIFT_ACTIVE_COMPILATION_CONDITIONS = DEBUG;
				SWIFT_OPTIMIZATION_LEVEL = "-Onone";
				TARGETED_DEVICE_FAMILY = "1,2";
			};
			name = Debug;
		};
		04DEDB271F2D5BF300C341FF /* Release */ = {
			isa = XCBuildConfiguration;
			buildSettings = {
				ALWAYS_SEARCH_USER_PATHS = NO;
				CLANG_ANALYZER_NONNULL = YES;
				CLANG_ANALYZER_NUMBER_OBJECT_CONVERSION = YES_AGGRESSIVE;
				CLANG_CXX_LANGUAGE_STANDARD = "gnu++0x";
				CLANG_CXX_LIBRARY = "libc++";
				CLANG_ENABLE_MODULES = YES;
				CLANG_ENABLE_OBJC_ARC = YES;
				CLANG_WARN_BOOL_CONVERSION = YES;
				CLANG_WARN_CONSTANT_CONVERSION = YES;
				CLANG_WARN_DIRECT_OBJC_ISA_USAGE = YES_ERROR;
				CLANG_WARN_DOCUMENTATION_COMMENTS = YES;
				CLANG_WARN_EMPTY_BODY = YES;
				CLANG_WARN_ENUM_CONVERSION = YES;
				CLANG_WARN_INFINITE_RECURSION = YES;
				CLANG_WARN_INT_CONVERSION = YES;
				CLANG_WARN_OBJC_ROOT_CLASS = YES_ERROR;
				CLANG_WARN_SUSPICIOUS_MOVE = YES;
				CLANG_WARN_UNREACHABLE_CODE = YES;
				CLANG_WARN__DUPLICATE_METHOD_MATCH = YES;
				"CODE_SIGN_IDENTITY[sdk=iphoneos*]" = "iPhone Developer";
				COPY_PHASE_STRIP = NO;
				DEBUG_INFORMATION_FORMAT = "dwarf-with-dsym";
				ENABLE_NS_ASSERTIONS = NO;
				ENABLE_STRICT_OBJC_MSGSEND = YES;
				GCC_C_LANGUAGE_STANDARD = gnu99;
				GCC_NO_COMMON_BLOCKS = YES;
				GCC_WARN_64_TO_32_BIT_CONVERSION = YES;
				GCC_WARN_ABOUT_RETURN_TYPE = YES_ERROR;
				GCC_WARN_UNDECLARED_SELECTOR = YES;
				GCC_WARN_UNINITIALIZED_AUTOS = YES_AGGRESSIVE;
				GCC_WARN_UNUSED_FUNCTION = YES;
				GCC_WARN_UNUSED_VARIABLE = YES;
				IPHONEOS_DEPLOYMENT_TARGET = 10.3;
				MTL_ENABLE_DEBUG_INFO = NO;
				SDKROOT = iphoneos;
				SWIFT_OPTIMIZATION_LEVEL = "-Owholemodule";
				TARGETED_DEVICE_FAMILY = "1,2";
				VALIDATE_PRODUCT = YES;
			};
			name = Release;
		};
		04DEDB291F2D5BF300C341FF /* Debug */ = {
			isa = XCBuildConfiguration;
			buildSettings = {
				ASSETCATALOG_COMPILER_APPICON_NAME = AppIcon;
				INFOPLIST_FILE = TDL/Info.plist;
				LD_RUNPATH_SEARCH_PATHS = "$(inherited) @executable_path/Frameworks";
				PRODUCT_BUNDLE_IDENTIFIER = com.MKO.TDL;
				PRODUCT_NAME = "$(TARGET_NAME)";
				SWIFT_VERSION = 3.0;
			};
			name = Debug;
		};
		04DEDB2A1F2D5BF300C341FF /* Release */ = {
			isa = XCBuildConfiguration;
			buildSettings = {
				ASSETCATALOG_COMPILER_APPICON_NAME = AppIcon;
				INFOPLIST_FILE = TDL/Info.plist;
				LD_RUNPATH_SEARCH_PATHS = "$(inherited) @executable_path/Frameworks";
				PRODUCT_BUNDLE_IDENTIFIER = com.MKO.TDL;
				PRODUCT_NAME = "$(TARGET_NAME)";
				SWIFT_VERSION = 3.0;
			};
			name = Release;
		};
/* End XCBuildConfiguration section */

/* Begin XCConfigurationList section */
		04DEDB0E1F2D5BF300C341FF /* Build configuration list for PBXProject "TDL" */ = {
			isa = XCConfigurationList;
			buildConfigurations = (
				04DEDB261F2D5BF300C341FF /* Debug */,
				04DEDB271F2D5BF300C341FF /* Release */,
			);
			defaultConfigurationIsVisible = 0;
			defaultConfigurationName = Release;
		};
		04DEDB281F2D5BF300C341FF /* Build configuration list for PBXNativeTarget "TDL" */ = {
			isa = XCConfigurationList;
			buildConfigurations = (
				04DEDB291F2D5BF300C341FF /* Debug */,
				04DEDB2A1F2D5BF300C341FF /* Release */,
			);
			defaultConfigurationIsVisible = 0;
		};
/* End XCConfigurationList section */

/* Begin XCVersionGroup section */
		04DEDB1D1F2D5BF300C341FF /* TDL.xcdatamodeld */ = {
			isa = XCVersionGroup;
			children = (
				04DEDB1E1F2D5BF300C341FF /* TDL.xcdatamodel */,
			);
			currentVersion = 04DEDB1E1F2D5BF300C341FF /* TDL.xcdatamodel */;
			path = TDL.xcdatamodeld;
			sourceTree = "<group>";
			versionGroupType = wrapper.xcdatamodel;
		};
/* End XCVersionGroup section */
	};
	rootObject = 04DEDB0B1F2D5BF300C341FF /* Project object */;
}
